
Microsoft Visual Studio Solution File, Format Version 12.00
# Visual Studio Version 17
VisualStudioVersion = 17.4.33205.214
MinimumVisualStudioVersion = 10.0.40219.1
Project("{FAE04EC0-301F-11D3-BF4B-00C04F79EFBC}") = "SwitchBoard", "SwitchBoard.csproj", "{088E9719-9E64-46C1-BB35-AFC6359267E8}"
EndProject
Global
	GlobalSection(SolutionConfigurationPlatforms) = preSolution
		Debug|Any CPU = Debug|Any CPU
		Release|Any CPU = Release|Any CPU
	EndGlobalSection
	GlobalSection(ProjectConfigurationPlatforms) = postSolution
		{088E9719-9E64-46C1-BB35-AFC6359267E8}.Debug|Any CPU.ActiveCfg = Debug|Any CPU
		{088E9719-9E64-46C1-BB35-AFC6359267E8}.Debug|Any CPU.Build.0 = Debug|Any CPU
		{088E9719-9E64-46C1-BB35-AFC6359267E8}.Release|Any CPU.ActiveCfg = Release|Any CPU
		{088E9719-9E64-46C1-BB35-AFC6359267E8}.Release|Any CPU.Build.0 = Release|Any CPU
	EndGlobalSection
	GlobalSection(SolutionProperties) = preSolution
		HideSolutionNode = FALSE
	EndGlobalSection
	GlobalSection(ExtensibilityGlobals) = postSolution
		SolutionGuid = {086AAF31-3F04-459C-8C45-A190E4265C5A}
	EndGlobalSection
EndGlobal
